// !$*UTF8*$!
{
	archiveVersion = 1;
	classes = {
	};
	objectVersion = 55;
	objects = {

/* Begin PBXBuildFile section */
		065C1DC727AD2F360074E1C3 /* PreStart1App.swift in Sources */ = {isa = PBXBuildFile; fileRef = 065C1DC627AD2F360074E1C3 /* PreStart1App.swift */; };
		065C1DC927AD2F360074E1C3 /* ContentView.swift in Sources */ = {isa = PBXBuildFile; fileRef = 065C1DC827AD2F360074E1C3 /* ContentView.swift */; };
		065C1DCB27AD2F3A0074E1C3 /* Assets.xcassets in Resources */ = {isa = PBXBuildFile; fileRef = 065C1DCA27AD2F3A0074E1C3 /* Assets.xcassets */; };
		065C1DCE27AD2F3A0074E1C3 /* Preview Assets.xcassets in Resources */ = {isa = PBXBuildFile; fileRef = 065C1DCD27AD2F3A0074E1C3 /* Preview Assets.xcassets */; };
		065C1DD827AD2F3B0074E1C3 /* PreStart1Tests.swift in Sources */ = {isa = PBXBuildFile; fileRef = 065C1DD727AD2F3B0074E1C3 /* PreStart1Tests.swift */; };
		065C1DE227AD2F3B0074E1C3 /* PreStart1UITests.swift in Sources */ = {isa = PBXBuildFile; fileRef = 065C1DE127AD2F3B0074E1C3 /* PreStart1UITests.swift */; };
		065C1DE427AD2F3B0074E1C3 /* PreStart1UITestsLaunchTests.swift in Sources */ = {isa = PBXBuildFile; fileRef = 065C1DE327AD2F3B0074E1C3 /* PreStart1UITestsLaunchTests.swift */; };
/* End PBXBuildFile section */

/* Begin PBXContainerItemProxy section */
		065C1DD427AD2F3B0074E1C3 /* PBXContainerItemProxy */ = {
			isa = PBXContainerItemProxy;
			containerPortal = 065C1DBB27AD2F360074E1C3 /* Project object */;
			proxyType = 1;
			remoteGlobalIDString = 065C1DC227AD2F360074E1C3;
			remoteInfo = PreStart1;
		};
		065C1DDE27AD2F3B0074E1C3 /* PBXContainerItemProxy */ = {
			isa = PBXContainerItemProxy;
			containerPortal = 065C1DBB27AD2F360074E1C3 /* Project object */;
			proxyType = 1;
			remoteGlobalIDString = 065C1DC227AD2F360074E1C3;
			remoteInfo = PreStart1;
		};
/* End PBXContainerItemProxy section */

/* Begin PBXFileReference section */
		065C1DC327AD2F360074E1C3 /* PreStart1.app */ = {isa = PBXFileReference; explicitFileType = wrapper.application; includeInIndex = 0; path = PreStart1.app; sourceTree = BUILT_PRODUCTS_DIR; };
		065C1DC627AD2F360074E1C3 /* PreStart1App.swift */ = {isa = PBXFileReference; lastKnownFileType = sourcecode.swift; path = PreStart1App.swift; sourceTree = "<group>"; };
		065C1DC827AD2F360074E1C3 /* ContentView.swift */ = {isa = PBXFileReference; lastKnownFileType = sourcecode.swift; path = ContentView.swift; sourceTree = "<group>"; };
		065C1DCA27AD2F3A0074E1C3 /* Assets.xcassets */ = {isa = PBXFileReference; lastKnownFileType = folder.assetcatalog; path = Assets.xcassets; sourceTree = "<group>"; };
		065C1DCD27AD2F3A0074E1C3 /* Preview Assets.xcassets */ = {isa = PBXFileReference; lastKnownFileType = folder.assetcatalog; path = "Preview Assets.xcassets"; sourceTree = "<group>"; };
		065C1DD327AD2F3B0074E1C3 /* PreStart1Tests.xctest */ = {isa = PBXFileReference; explicitFileType = wrapper.cfbundle; includeInIndex = 0; path = PreStart1Tests.xctest; sourceTree = BUILT_PRODUCTS_DIR; };
		065C1DD727AD2F3B0074E1C3 /* PreStart1Tests.swift */ = {isa = PBXFileReference; lastKnownFileType = sourcecode.swift; path = PreStart1Tests.swift; sourceTree = "<group>"; };
		065C1DDD27AD2F3B0074E1C3 /* PreStart1UITests.xctest */ = {isa = PBXFileReference; explicitFileType = wrapper.cfbundle; includeInIndex = 0; path = PreStart1UITests.xctest; sourceTree = BUILT_PRODUCTS_DIR; };
		065C1DE127AD2F3B0074E1C3 /* PreStart1UITests.swift */ = {isa = PBXFileReference; lastKnownFileType = sourcecode.swift; path = PreStart1UITests.swift; sourceTree = "<group>"; };
		065C1DE327AD2F3B0074E1C3 /* PreStart1UITestsLaunchTests.swift */ = {isa = PBXFileReference; lastKnownFileType = sourcecode.swift; path = PreStart1UITestsLaunchTests.swift; sourceTree = "<group>"; };
/* End PBXFileReference section */

/* Begin PBXFrameworksBuildPhase section */
		065C1DC027AD2F360074E1C3 /* Frameworks */ = {
			isa = PBXFrameworksBuildPhase;
			buildActionMask = 2147483647;
			files = (
			);
			runOnlyForDeploymentPostprocessing = 0;
		};
		065C1DD027AD2F3B0074E1C3 /* Frameworks */ = {
			isa = PBXFrameworksBuildPhase;
			buildActionMask = 2147483647;
			files = (
			);
			runOnlyForDeploymentPostprocessing = 0;
		};
		065C1DDA27AD2F3B0074E1C3 /* Frameworks */ = {
			isa = PBXFrameworksBuildPhase;
			buildActionMask = 2147483647;
			files = (
			);
			runOnlyForDeploymentPostprocessing = 0;
		};
/* End PBXFrameworksBuildPhase section */

/* Begin PBXGroup section */
		065C1DBA27AD2F360074E1C3 = {
			isa = PBXGroup;
			children = (
				065C1DC527AD2F360074E1C3 /* PreStart1 */,
				065C1DD627AD2F3B0074E1C3 /* PreStart1Tests */,
				065C1DE027AD2F3B0074E1C3 /* PreStart1UITests */,
				065C1DC427AD2F360074E1C3 /* Products */,
			);
			sourceTree = "<group>";
		};
		065C1DC427AD2F360074E1C3 /* Products */ = {
			isa = PBXGroup;
			children = (
				065C1DC327AD2F360074E1C3 /* PreStart1.app */,
				065C1DD327AD2F3B0074E1C3 /* PreStart1Tests.xctest */,
				065C1DDD27AD2F3B0074E1C3 /* PreStart1UITests.xctest */,
			);
			name = Products;
			sourceTree = "<group>";
		};
		065C1DC527AD2F360074E1C3 /* PreStart1 */ = {
			isa = PBXGroup;
			children = (
				065C1DC627AD2F360074E1C3 /* PreStart1App.swift */,
				065C1DC827AD2F360074E1C3 /* ContentView.swift */,
				065C1DCA27AD2F3A0074E1C3 /* Assets.xcassets */,
				065C1DCC27AD2F3A0074E1C3 /* Preview Content */,
			);
			path = PreStart1;
			sourceTree = "<group>";
		};
		065C1DCC27AD2F3A0074E1C3 /* Preview Content */ = {
			isa = PBXGroup;
			children = (
				065C1DCD27AD2F3A0074E1C3 /* Preview Assets.xcassets */,
			);
			path = "Preview Content";
			sourceTree = "<group>";
		};
		065C1DD627AD2F3B0074E1C3 /* PreStart1Tests */ = {
			isa = PBXGroup;
			children = (
				065C1DD727AD2F3B0074E1C3 /* PreStart1Tests.swift */,
			);
			path = PreStart1Tests;
			sourceTree = "<group>";
		};
		065C1DE027AD2F3B0074E1C3 /* PreStart1UITests */ = {
			isa = PBXGroup;
			children = (
				065C1DE127AD2F3B0074E1C3 /* PreStart1UITests.swift */,
				065C1DE327AD2F3B0074E1C3 /* PreStart1UITestsLaunchTests.swift */,
			);
			path = PreStart1UITests;
			sourceTree = "<group>";
		};
/* End PBXGroup section */

/* Begin PBXNativeTarget section */
		065C1DC227AD2F360074E1C3 /* PreStart1 */ = {
			isa = PBXNativeTarget;
			buildConfigurationList = 065C1DE727AD2F3B0074E1C3 /* Build configuration list for PBXNativeTarget "PreStart1" */;
			buildPhases = (
				065C1DBF27AD2F360074E1C3 /* Sources */,
				065C1DC027AD2F360074E1C3 /* Frameworks */,
				065C1DC127AD2F360074E1C3 /* Resources */,
			);
			buildRules = (
			);
			dependencies = (
			);
			name = PreStart1;
			productName = PreStart1;
			productReference = 065C1DC327AD2F360074E1C3 /* PreStart1.app */;
			productType = "com.apple.product-type.application";
		};
		065C1DD227AD2F3B0074E1C3 /* PreStart1Tests */ = {
			isa = PBXNativeTarget;
			buildConfigurationList = 065C1DEA27AD2F3B0074E1C3 /* Build configuration list for PBXNativeTarget "PreStart1Tests" */;
			buildPhases = (
				065C1DCF27AD2F3B0074E1C3 /* Sources */,
				065C1DD027AD2F3B0074E1C3 /* Frameworks */,
				065C1DD127AD2F3B0074E1C3 /* Resources */,
			);
			buildRules = (
			);
			dependencies = (
				065C1DD527AD2F3B0074E1C3 /* PBXTargetDependency */,
			);
			name = PreStart1Tests;
			productName = PreStart1Tests;
			productReference = 065C1DD327AD2F3B0074E1C3 /* PreStart1Tests.xctest */;
			productType = "com.apple.product-type.bundle.unit-test";
		};
		065C1DDC27AD2F3B0074E1C3 /* PreStart1UITests */ = {
			isa = PBXNativeTarget;
			buildConfigurationList = 065C1DED27AD2F3B0074E1C3 /* Build configuration list for PBXNativeTarget "PreStart1UITests" */;
			buildPhases = (
				065C1DD927AD2F3B0074E1C3 /* Sources */,
				065C1DDA27AD2F3B0074E1C3 /* Frameworks */,
				065C1DDB27AD2F3B0074E1C3 /* Resources */,
			);
			buildRules = (
			);
			dependencies = (
				065C1DDF27AD2F3B0074E1C3 /* PBXTargetDependency */,
			);
			name = PreStart1UITests;
			productName = PreStart1UITests;
			productReference = 065C1DDD27AD2F3B0074E1C3 /* PreStart1UITests.xctest */;
			productType = "com.apple.product-type.bundle.ui-testing";
		};
/* End PBXNativeTarget section */

/* Begin PBXProject section */
		065C1DBB27AD2F360074E1C3 /* Project object */ = {
			isa = PBXProject;
			attributes = {
				BuildIndependentTargetsInParallel = 1;
				LastSwiftUpdateCheck = 1310;
				LastUpgradeCheck = 1310;
				TargetAttributes = {
					065C1DC227AD2F360074E1C3 = {
						CreatedOnToolsVersion = 13.1;
					};
					065C1DD227AD2F3B0074E1C3 = {
						CreatedOnToolsVersion = 13.1;
						TestTargetID = 065C1DC227AD2F360074E1C3;
					};
					065C1DDC27AD2F3B0074E1C3 = {
						CreatedOnToolsVersion = 13.1;
						TestTargetID = 065C1DC227AD2F360074E1C3;
					};
				};
			};
			buildConfigurationList = 065C1DBE27AD2F360074E1C3 /* Build configuration list for PBXProject "PreStart1" */;
			compatibilityVersion = "Xcode 13.0";
			developmentRegion = en;
			hasScannedForEncodings = 0;
			knownRegions = (
				en,
				Base,
			);
			mainGroup = 065C1DBA27AD2F360074E1C3;
			productRefGroup = 065C1DC427AD2F360074E1C3 /* Products */;
			projectDirPath = "";
			projectRoot = "";
			targets = (
				065C1DC227AD2F360074E1C3 /* PreStart1 */,
				065C1DD227AD2F3B0074E1C3 /* PreStart1Tests */,
				065C1DDC27AD2F3B0074E1C3 /* PreStart1UITests */,
			);
		};
/* End PBXProject section */

/* Begin PBXResourcesBuildPhase section */
		065C1DC127AD2F360074E1C3 /* Resources */ = {
			isa = PBXResourcesBuildPhase;
			buildActionMask = 2147483647;
			files = (
				065C1DCE27AD2F3A0074E1C3 /* Preview Assets.xcassets in Resources */,
				065C1DCB27AD2F3A0074E1C3 /* Assets.xcassets in Resources */,
			);
			runOnlyForDeploymentPostprocessing = 0;
		};
		065C1DD127AD2F3B0074E1C3 /* Resources */ = {
			isa = PBXResourcesBuildPhase;
			buildActionMask = 2147483647;
			files = (
			);
			runOnlyForDeploymentPostprocessing = 0;
		};
		065C1DDB27AD2F3B0074E1C3 /* Resources */ = {
			isa = PBXResourcesBuildPhase;
			buildActionMask = 2147483647;
			files = (
			);
			runOnlyForDeploymentPostprocessing = 0;
		};
/* End PBXResourcesBuildPhase section */

/* Begin PBXSourcesBuildPhase section */
		065C1DBF27AD2F360074E1C3 /* Sources */ = {
			isa = PBXSourcesBuildPhase;
			buildActionMask = 2147483647;
			files = (
				065C1DC927AD2F360074E1C3 /* ContentView.swift in Sources */,
				065C1DC727AD2F360074E1C3 /* PreStart1App.swift in Sources */,
			);
			runOnlyForDeploymentPostprocessing = 0;
		};
		065C1DCF27AD2F3B0074E1C3 /* Sources */ = {
			isa = PBXSourcesBuildPhase;
			buildActionMask = 2147483647;
			files = (
				065C1DD827AD2F3B0074E1C3 /* PreStart1Tests.swift in Sources */,
			);
			runOnlyForDeploymentPostprocessing = 0;
		};
		065C1DD927AD2F3B0074E1C3 /* Sources */ = {
			isa = PBXSourcesBuildPhase;
			buildActionMask = 2147483647;
			files = (
				065C1DE227AD2F3B0074E1C3 /* PreStart1UITests.swift in Sources */,
				065C1DE427AD2F3B0074E1C3 /* PreStart1UITestsLaunchTests.swift in Sources */,
			);
			runOnlyForDeploymentPostprocessing = 0;
		};
/* End PBXSourcesBuildPhase section */

/* Begin PBXTargetDependency section */
		065C1DD527AD2F3B0074E1C3 /* PBXTargetDependency */ = {
			isa = PBXTargetDependency;
			target = 065C1DC227AD2F360074E1C3 /* PreStart1 */;
			targetProxy = 065C1DD427AD2F3B0074E1C3 /* PBXContainerItemProxy */;
		};
		065C1DDF27AD2F3B0074E1C3 /* PBXTargetDependency */ = {
			isa = PBXTargetDependency;
			target = 065C1DC227AD2F360074E1C3 /* PreStart1 */;
			targetProxy = 065C1DDE27AD2F3B0074E1C3 /* PBXContainerItemProxy */;
		};
/* End PBXTargetDependency section */

/* Begin XCBuildConfiguration section */
		065C1DE527AD2F3B0074E1C3 /* Debug */ = {
			isa = XCBuildConfiguration;
			buildSettings = {
				ALWAYS_SEARCH_USER_PATHS = NO;
				CLANG_ANALYZER_NONNULL = YES;
				CLANG_ANALYZER_NUMBER_OBJECT_CONVERSION = YES_AGGRESSIVE;
				CLANG_CXX_LANGUAGE_STANDARD = "gnu++17";
				CLANG_CXX_LIBRARY = "libc++";
				CLANG_ENABLE_MODULES = YES;
				CLANG_ENABLE_OBJC_ARC = YES;
				CLANG_ENABLE_OBJC_WEAK = YES;
				CLANG_WARN_BLOCK_CAPTURE_AUTORELEASING = YES;
				CLANG_WARN_BOOL_CONVERSION = YES;
				CLANG_WARN_COMMA = YES;
				CLANG_WARN_CONSTANT_CONVERSION = YES;
				CLANG_WARN_DEPRECATED_OBJC_IMPLEMENTATIONS = YES;
				CLANG_WARN_DIRECT_OBJC_ISA_USAGE = YES_ERROR;
				CLANG_WARN_DOCUMENTATION_COMMENTS = YES;
				CLANG_WARN_EMPTY_BODY = YES;
				CLANG_WARN_ENUM_CONVERSION = YES;
				CLANG_WARN_INFINITE_RECURSION = YES;
				CLANG_WARN_INT_CONVERSION = YES;
				CLANG_WARN_NON_LITERAL_NULL_CONVERSION = YES;
				CLANG_WARN_OBJC_IMPLICIT_RETAIN_SELF = YES;
				CLANG_WARN_OBJC_LITERAL_CONVERSION = YES;
				CLANG_WARN_OBJC_ROOT_CLASS = YES_ERROR;
				CLANG_WARN_QUOTED_INCLUDE_IN_FRAMEWORK_HEADER = YES;
				CLANG_WARN_RANGE_LOOP_ANALYSIS = YES;
				CLANG_WARN_STRICT_PROTOTYPES = YES;
				CLANG_WARN_SUSPICIOUS_MOVE = YES;
				CLANG_WARN_UNGUARDED_AVAILABILITY = YES_AGGRESSIVE;
				CLANG_WARN_UNREACHABLE_CODE = YES;
				CLANG_WARN__DUPLICATE_METHOD_MATCH = YES;
				COPY_PHASE_STRIP = NO;
				DEBUG_INFORMATION_FORMAT = dwarf;
				ENABLE_STRICT_OBJC_MSGSEND = YES;
				ENABLE_TESTABILITY = YES;
				GCC_C_LANGUAGE_STANDARD = gnu11;
				GCC_DYNAMIC_NO_PIC = NO;
				GCC_NO_COMMON_BLOCKS = YES;
				GCC_OPTIMIZATION_LEVEL = 0;
				GCC_PREPROCESSOR_DEFINITIONS = (
					"DEBUG=1",
					"$(inherited)",
				);
				GCC_WARN_64_TO_32_BIT_CONVERSION = YES;
				GCC_WARN_ABOUT_RETURN_TYPE = YES_ERROR;
				GCC_WARN_UNDECLARED_SELECTOR = YES;
				GCC_WARN_UNINITIALIZED_AUTOS = YES_AGGRESSIVE;
				GCC_WARN_UNUSED_FUNCTION = YES;
				GCC_WARN_UNUSED_VARIABLE = YES;
				IPHONEOS_DEPLOYMENT_TARGET = 15.0;
				MTL_ENABLE_DEBUG_INFO = INCLUDE_SOURCE;
				MTL_FAST_MATH = YES;
				ONLY_ACTIVE_ARCH = YES;
				SDKROOT = iphoneos;
				SWIFT_ACTIVE_COMPILATION_CONDITIONS = DEBUG;
				SWIFT_OPTIMIZATION_LEVEL = "-Onone";
			};
			name = Debug;
		};
		065C1DE627AD2F3B0074E1C3 /* Release */ = {
			isa = XCBuildConfiguration;
			buildSettings = {
				ALWAYS_SEARCH_USER_PATHS = NO;
				CLANG_ANALYZER_NONNULL = YES;
				CLANG_ANALYZER_NUMBER_OBJECT_CONVERSION = YES_AGGRESSIVE;
				CLANG_CXX_LANGUAGE_STANDARD = "gnu++17";
				CLANG_CXX_LIBRARY = "libc++";
				CLANG_ENABLE_MODULES = YES;
				CLANG_ENABLE_OBJC_ARC = YES;
				CLANG_ENABLE_OBJC_WEAK = YES;
				CLANG_WARN_BLOCK_CAPTURE_AUTORELEASING = YES;
				CLANG_WARN_BOOL_CONVERSION = YES;
				CLANG_WARN_COMMA = YES;
				CLANG_WARN_CONSTANT_CONVERSION = YES;
				CLANG_WARN_DEPRECATED_OBJC_IMPLEMENTATIONS = YES;
				CLANG_WARN_DIRECT_OBJC_ISA_USAGE = YES_ERROR;
				CLANG_WARN_DOCUMENTATION_COMMENTS = YES;
				CLANG_WARN_EMPTY_BODY = YES;
				CLANG_WARN_ENUM_CONVERSION = YES;
				CLANG_WARN_INFINITE_RECURSION = YES;
				CLANG_WARN_INT_CONVERSION = YES;
				CLANG_WARN_NON_LITERAL_NULL_CONVERSION = YES;
				CLANG_WARN_OBJC_IMPLICIT_RETAIN_SELF = YES;
				CLANG_WARN_OBJC_LITERAL_CONVERSION = YES;
				CLANG_WARN_OBJC_ROOT_CLASS = YES_ERROR;
				CLANG_WARN_QUOTED_INCLUDE_IN_FRAMEWORK_HEADER = YES;
				CLANG_WARN_RANGE_LOOP_ANALYSIS = YES;
				CLANG_WARN_STRICT_PROTOTYPES = YES;
				CLANG_WARN_SUSPICIOUS_MOVE = YES;
				CLANG_WARN_UNGUARDED_AVAILABILITY = YES_AGGRESSIVE;
				CLANG_WARN_UNREACHABLE_CODE = YES;
				CLANG_WARN__DUPLICATE_METHOD_MATCH = YES;
				COPY_PHASE_STRIP = NO;
				DEBUG_INFORMATION_FORMAT = "dwarf-with-dsym";
				ENABLE_NS_ASSERTIONS = NO;
				ENABLE_STRICT_OBJC_MSGSEND = YES;
				GCC_C_LANGUAGE_STANDARD = gnu11;
				GCC_NO_COMMON_BLOCKS = YES;
				GCC_WARN_64_TO_32_BIT_CONVERSION = YES;
				GCC_WARN_ABOUT_RETURN_TYPE = YES_ERROR;
				GCC_WARN_UNDECLARED_SELECTOR = YES;
				GCC_WARN_UNINITIALIZED_AUTOS = YES_AGGRESSIVE;
				GCC_WARN_UNUSED_FUNCTION = YES;
				GCC_WARN_UNUSED_VARIABLE = YES;
				IPHONEOS_DEPLOYMENT_TARGET = 15.0;
				MTL_ENABLE_DEBUG_INFO = NO;
				MTL_FAST_MATH = YES;
				SDKROOT = iphoneos;
				SWIFT_COMPILATION_MODE = wholemodule;
				SWIFT_OPTIMIZATION_LEVEL = "-O";
				VALIDATE_PRODUCT = YES;
			};
			name = Release;
		};
		065C1DE827AD2F3B0074E1C3 /* Debug */ = {
			isa = XCBuildConfiguration;
			buildSettings = {
				ASSETCATALOG_COMPILER_APPICON_NAME = AppIcon;
				ASSETCATALOG_COMPILER_GLOBAL_ACCENT_COLOR_NAME = AccentColor;
				CODE_SIGN_STYLE = Automatic;
				CURRENT_PROJECT_VERSION = 1;
				DEVELOPMENT_ASSET_PATHS = "\"PreStart1/Preview Content\"";
				DEVELOPMENT_TEAM = GZFLA6HU23;
				ENABLE_PREVIEWS = YES;
				GENERATE_INFOPLIST_FILE = YES;
				INFOPLIST_KEY_UIApplicationSceneManifest_Generation = YES;
				INFOPLIST_KEY_UIApplicationSupportsIndirectInputEvents = YES;
				INFOPLIST_KEY_UILaunchScreen_Generation = YES;
				INFOPLIST_KEY_UISupportedInterfaceOrientations_iPad = "UIInterfaceOrientationPortrait UIInterfaceOrientationPortraitUpsideDown UIInterfaceOrientationLandscapeLeft UIInterfaceOrientationLandscapeRight";
				INFOPLIST_KEY_UISupportedInterfaceOrientations_iPhone = "UIInterfaceOrientationPortrait UIInterfaceOrientationLandscapeLeft UIInterfaceOrientationLandscapeRight";
				LD_RUNPATH_SEARCH_PATHS = (
					"$(inherited)",
					"@executable_path/Frameworks",
				);
				MARKETING_VERSION = 1.0;
				PRODUCT_BUNDLE_IDENTIFIER = TAE.PreStart1;
				PRODUCT_NAME = "$(TARGET_NAME)";
				SWIFT_EMIT_LOC_STRINGS = YES;
				SWIFT_VERSION = 5.0;
				TARGETED_DEVICE_FAMILY = "1,2";
			};
			name = Debug;
		};
		065C1DE927AD2F3B0074E1C3 /* Release */ = {
			isa = XCBuildConfiguration;
			buildSettings = {
				ASSETCATALOG_COMPILER_APPICON_NAME = AppIcon;
				ASSETCATALOG_COMPILER_GLOBAL_ACCENT_COLOR_NAME = AccentColor;
				CODE_SIGN_STYLE = Automatic;
				CURRENT_PROJECT_VERSION = 1;
				DEVELOPMENT_ASSET_PATHS = "\"PreStart1/Preview Content\"";
				DEVELOPMENT_TEAM = GZFLA6HU23;
				ENABLE_PREVIEWS = YES;
				GENERATE_INFOPLIST_FILE = YES;
				INFOPLIST_KEY_UIApplicationSceneManifest_Generation = YES;
				INFOPLIST_KEY_UIApplicationSupportsIndirectInputEvents = YES;
				INFOPLIST_KEY_UILaunchScreen_Generation = YES;
				INFOPLIST_KEY_UISupportedInterfaceOrientations_iPad = "UIInterfaceOrientationPortrait UIInterfaceOrientationPortraitUpsideDown UIInterfaceOrientationLandscapeLeft UIInterfaceOrientationLandscapeRight";
				INFOPLIST_KEY_UISupportedInterfaceOrientations_iPhone = "UIInterfaceOrientationPortrait UIInterfaceOrientationLandscapeLeft UIInterfaceOrientationLandscapeRight";
				LD_RUNPATH_SEARCH_PATHS = (
					"$(inherited)",
					"@executable_path/Frameworks",
				);
				MARKETING_VERSION = 1.0;
				PRODUCT_BUNDLE_IDENTIFIER = TAE.PreStart1;
				PRODUCT_NAME = "$(TARGET_NAME)";
				SWIFT_EMIT_LOC_STRINGS = YES;
				SWIFT_VERSION = 5.0;
				TARGETED_DEVICE_FAMILY = "1,2";
			};
			name = Release;
		};
		065C1DEB27AD2F3B0074E1C3 /* Debug */ = {
			isa = XCBuildConfiguration;
			buildSettings = {
				ALWAYS_EMBED_SWIFT_STANDARD_LIBRARIES = YES;
				BUNDLE_LOADER = "$(TEST_HOST)";
				CODE_SIGN_STYLE = Automatic;
				CURRENT_PROJECT_VERSION = 1;
				DEVELOPMENT_TEAM = GZFLA6HU23;
				GENERATE_INFOPLIST_FILE = YES;
				IPHONEOS_DEPLOYMENT_TARGET = 15.0;
				LD_RUNPATH_SEARCH_PATHS = (
					"$(inherited)",
					"@executable_path/Frameworks",
					"@loader_path/Frameworks",
				);
				MARKETING_VERSION = 1.0;
				PRODUCT_BUNDLE_IDENTIFIER = TAE.PreStart1Tests;
				PRODUCT_NAME = "$(TARGET_NAME)";
				SWIFT_EMIT_LOC_STRINGS = NO;
				SWIFT_VERSION = 5.0;
				TARGETED_DEVICE_FAMILY = "1,2";
				TEST_HOST = "$(BUILT_PRODUCTS_DIR)/PreStart1.app/PreStart1";
			};
			name = Debug;
		};
		065C1DEC27AD2F3B0074E1C3 /* Release */ = {
			isa = XCBuildConfiguration;
			buildSettings = {
				ALWAYS_EMBED_SWIFT_STANDARD_LIBRARIES = YES;
				BUNDLE_LOADER = "$(TEST_HOST)";
				CODE_SIGN_STYLE = Automatic;
				CURRENT_PROJECT_VERSION = 1;
				DEVELOPMENT_TEAM = GZFLA6HU23;
				GENERATE_INFOPLIST_FILE = YES;
				IPHONEOS_DEPLOYMENT_TARGET = 15.0;
				LD_RUNPATH_SEARCH_PATHS = (
					"$(inherited)",
					"@executable_path/Frameworks",
					"@loader_path/Frameworks",
				);
				MARKETING_VERSION = 1.0;
				PRODUCT_BUNDLE_IDENTIFIER = TAE.PreStart1Tests;
				PRODUCT_NAME = "$(TARGET_NAME)";
				SWIFT_EMIT_LOC_STRINGS = NO;
				SWIFT_VERSION = 5.0;
				TARGETED_DEVICE_FAMILY = "1,2";
				TEST_HOST = "$(BUILT_PRODUCTS_DIR)/PreStart1.app/PreStart1";
			};
			name = Release;
		};
		065C1DEE27AD2F3B0074E1C3 /* Debug */ = {
			isa = XCBuildConfiguration;
			buildSettings = {
				ALWAYS_EMBED_SWIFT_STANDARD_LIBRARIES = YES;
				CODE_SIGN_STYLE = Automatic;
				CURRENT_PROJECT_VERSION = 1;
				DEVELOPMENT_TEAM = GZFLA6HU23;
				GENERATE_INFOPLIST_FILE = YES;
				LD_RUNPATH_SEARCH_PATHS = (
					"$(inherited)",
					"@executable_path/Frameworks",
					"@loader_path/Frameworks",
				);
				MARKETING_VERSION = 1.0;
				PRODUCT_BUNDLE_IDENTIFIER = TAE.PreStart1UITests;
				PRODUCT_NAME = "$(TARGET_NAME)";
				SWIFT_EMIT_LOC_STRINGS = NO;
				SWIFT_VERSION = 5.0;
				TARGETED_DEVICE_FAMILY = "1,2";
				TEST_TARGET_NAME = PreStart1;
			};
			name = Debug;
		};
		065C1DEF27AD2F3B0074E1C3 /* Release */ = {
			isa = XCBuildConfiguration;
			buildSettings = {
				ALWAYS_EMBED_SWIFT_STANDARD_LIBRARIES = YES;
				CODE_SIGN_STYLE = Automatic;
				CURRENT_PROJECT_VERSION = 1;
				DEVELOPMENT_TEAM = GZFLA6HU23;
				GENERATE_INFOPLIST_FILE = YES;
				LD_RUNPATH_SEARCH_PATHS = (
					"$(inherited)",
					"@executable_path/Frameworks",
					"@loader_path/Frameworks",
				);
				MARKETING_VERSION = 1.0;
				PRODUCT_BUNDLE_IDENTIFIER = TAE.PreStart1UITests;
				PRODUCT_NAME = "$(TARGET_NAME)";
				SWIFT_EMIT_LOC_STRINGS = NO;
				SWIFT_VERSION = 5.0;
				TARGETED_DEVICE_FAMILY = "1,2";
				TEST_TARGET_NAME = PreStart1;
			};
			name = Release;
		};
/* End XCBuildConfiguration section */

/* Begin XCConfigurationList section */
		065C1DBE27AD2F360074E1C3 /* Build configuration list for PBXProject "PreStart1" */ = {
			isa = XCConfigurationList;
			buildConfigurations = (
				065C1DE527AD2F3B0074E1C3 /* Debug */,
				065C1DE627AD2F3B0074E1C3 /* Release */,
			);
			defaultConfigurationIsVisible = 0;
			defaultConfigurationName = Release;
		};
		065C1DE727AD2F3B0074E1C3 /* Build configuration list for PBXNativeTarget "PreStart1" */ = {
			isa = XCConfigurationList;
			buildConfigurations = (
				065C1DE827AD2F3B0074E1C3 /* Debug */,
				065C1DE927AD2F3B0074E1C3 /* Release */,
			);
			defaultConfigurationIsVisible = 0;
			defaultConfigurationName = Release;
		};
		065C1DEA27AD2F3B0074E1C3 /* Build configuration list for PBXNativeTarget "PreStart1Tests" */ = {
			isa = XCConfigurationList;
			buildConfigurations = (
				065C1DEB27AD2F3B0074E1C3 /* Debug */,
				065C1DEC27AD2F3B0074E1C3 /* Release */,
			);
			defaultConfigurationIsVisible = 0;
			defaultConfigurationName = Release;
		};
		065C1DED27AD2F3B0074E1C3 /* Build configuration list for PBXNativeTarget "PreStart1UITests" */ = {
			isa = XCConfigurationList;
			buildConfigurations = (
				065C1DEE27AD2F3B0074E1C3 /* Debug */,
				065C1DEF27AD2F3B0074E1C3 /* Release */,
			);
			defaultConfigurationIsVisible = 0;
			defaultConfigurationName = Release;
		};
/* End XCConfigurationList section */
	};
	rootObject = 065C1DBB27AD2F360074E1C3 /* Project object */;
}
